// !$*UTF8*$!
{
	archiveVersion = 1;
	classes = {
	};
	objectVersion = 54;
	objects = {

/* Begin PBXBuildFile section */
		02972CBF29534D3188B75596 /* default_avatar.png in Resources */ = {isa = PBXBuildFile; fileRef = 993D940878AE4A3A9E7C21A1 /* default_avatar.png */; };
		07F92BBCA3EC48E68889F2EC /* a.png in Resources */ = {isa = PBXBuildFile; fileRef = 20F33064F5A746808C088EB9 /* a.png */; };
		0B08E71386904709AF0925FC /* icon_hints_on.png in Resources */ = {isa = PBXBuildFile; fileRef = AACC6AC8B1C042CDA5664068 /* icon_hints_on.png */; };
		13B07FBF1A68108700A75B9A /* Images.xcassets in Resources */ = {isa = PBXBuildFile; fileRef = 13B07FB51A68108700A75B9A /* Images.xcassets */; };
		1ABED899E64040CD849F62AA /* ቃላት.svg in Resources */ = {isa = PBXBuildFile; fileRef = 6D786A47661F4D53B0DBCAB1 /* ቃላት.svg */; };
		1E1303BFAFAE40E9B01C16B6 /* icon_hints_off.png in Resources */ = {isa = PBXBuildFile; fileRef = 24368CA1B7D146AFB924AD3B /* icon_hints_off.png */; };
		227B619312A049E2BC64D953 /* check.png in Resources */ = {isa = PBXBuildFile; fileRef = 79DCBBFB79F041149D339FCE /* check.png */; };
		2556F1A021454FA1A4CC80D6 /* adey.png in Resources */ = {isa = PBXBuildFile; fileRef = F065C128EA094DCB8D201BAA /* adey.png */; };
		2776D0FD038B471EA8BCE447 /* dog.png in Resources */ = {isa = PBXBuildFile; fileRef = 225BB4A2233F47C4ACFA02CF /* dog.png */; };
		2945CB336D0E49F2AE0E0F3C /* icon_fullscreen_exit.png in Resources */ = {isa = PBXBuildFile; fileRef = F717EDE2D4C4412D93942846 /* icon_fullscreen_exit.png */; };
		2A1B0CE16AC84377B255CE83 /* icon_reset.png in Resources */ = {isa = PBXBuildFile; fileRef = E960C43F9F9249918CAE8E84 /* icon_reset.png */; };
		306F91B0706F4249BF084BE9 /* icon_theme_dark.png in Resources */ = {isa = PBXBuildFile; fileRef = 83102FB92220475BAAF0901E /* icon_theme_dark.png */; };
		335A67BDAC4047128901B1EE /* icon_hint.png in Resources */ = {isa = PBXBuildFile; fileRef = 9B285DD3654948E6B1BF7EF6 /* icon_hint.png */; };
		3661330EA0DE434899BA7010 /* icon_theme_light.png in Resources */ = {isa = PBXBuildFile; fileRef = B8F0B6FDA26D4E4C8676B505 /* icon_theme_light.png */; };
		43989A4D63994A0AAD1897EB /* icon_about.png in Resources */ = {isa = PBXBuildFile; fileRef = D0B812A5668945A0AEDB85F9 /* icon_about.png */; };
		4B889E52844446BDB0747E16 /* icon_start.png in Resources */ = {isa = PBXBuildFile; fileRef = DB6ECD2BD950467E8232BED1 /* icon_start.png */; };
		4C1B7679C50A4BC5A90833B5 /* icon_theme_system.png in Resources */ = {isa = PBXBuildFile; fileRef = 7A01AF01D8A7442793414091 /* icon_theme_system.png */; };
		5E0F848C083B4B079DA1AFC5 /* favicon.png in Resources */ = {isa = PBXBuildFile; fileRef = 4BD3E6D291F9447BA3523025 /* favicon.png */; };
		663708AA90B8413C87931D36 /* icon_leaderboard.png in Resources */ = {isa = PBXBuildFile; fileRef = F075CED019D743A6BB721960 /* icon_leaderboard.png */; };
		6A68FC44DB2648749D7400BC /* icon_rules.png in Resources */ = {isa = PBXBuildFile; fileRef = A308175FE239481DA63CD4B4 /* icon_rules.png */; };
		761780ED2CA45674006654EE /* AppDelegate.swift in Sources */ = {isa = PBXBuildFile; fileRef = 761780EC2CA45674006654EE /* AppDelegate.swift */; };
		768CFE3C82D642A0AE17A5C9 /* icon_fullscreen_enter.png in Resources */ = {isa = PBXBuildFile; fileRef = A95333E979AC4F7CBE37D342 /* icon_fullscreen_enter.png */; };
		7A99D4AF21894A599935338D /* icon_settings.png in Resources */ = {isa = PBXBuildFile; fileRef = C2EDC6A1163248D8B60B4D41 /* icon_settings.png */; };
		81AB9BB82411601600AC10FF /* LaunchScreen.storyboard in Resources */ = {isa = PBXBuildFile; fileRef = 81AB9BB72411601600AC10FF /* LaunchScreen.storyboard */; };
		8AB878E5B0764CA8BF05E041 /* icon_feedback.png in Resources */ = {isa = PBXBuildFile; fileRef = 4CDB692679C34F0DB203D78D /* icon_feedback.png */; };
		8CB6BE1B7A904636AD89B6BE /* icon_mute_on.png in Resources */ = {isa = PBXBuildFile; fileRef = 00E67D8F8E4F4BB189686877 /* icon_mute_on.png */; };
		8E2F1F9AF8C8434AB2277502 /* invite.png in Resources */ = {isa = PBXBuildFile; fileRef = BF0523E871634FE8BDD295BB /* invite.png */; };
		8FBB26BC961648A3820E289F /* j.png in Resources */ = {isa = PBXBuildFile; fileRef = 5EFCB82516F34C518FE720CA /* j.png */; };
		900D95A957704F648B10FAB4 /* icon_close.png in Resources */ = {isa = PBXBuildFile; fileRef = 4B6A6AFD9F164A9898516686 /* icon_close.png */; };
		928BA1361C6343F69B14DB86 /* icon_difficulty_hard.png in Resources */ = {isa = PBXBuildFile; fileRef = 870A9E8EC0F246AE827DDA5D /* icon_difficulty_hard.png */; };
		92C7F6BEADE546EC8FFF9077 /* c.png in Resources */ = {isa = PBXBuildFile; fileRef = 6A38C096445443ACB082D089 /* c.png */; };
		A378126728A34934B172070C /* icon_feedback_wip.png in Resources */ = {isa = PBXBuildFile; fileRef = BDAE4744B9C9437392AC5692 /* icon_feedback_wip.png */; };
		A8222AFE75EE410582065E72 /* icon_home.png in Resources */ = {isa = PBXBuildFile; fileRef = 41E1521F8D8E49669362782F /* icon_home.png */; };
		A9976920B4C14B07A01E141A /* icon_friends.png in Resources */ = {isa = PBXBuildFile; fileRef = 71056D90964548DEA6851C65 /* icon_friends.png */; };
		BFCE424F9DEE459CB3146F7C /* dave.png in Resources */ = {isa = PBXBuildFile; fileRef = 5B946E901D5342CABDF8A662 /* dave.png */; };
		C17CC416B6F447069DEC97E0 /* icon_share.png in Resources */ = {isa = PBXBuildFile; fileRef = B0EF2C39C8554E6EB0751B0E /* icon_share.png */; };
		C1D5B2FDA76F4EA29C0B3095 /* icon_streak.png in Resources */ = {isa = PBXBuildFile; fileRef = 9ED36E01B7194B10A96CEE6B /* icon_streak.png */; };
		C30CD8DEC8109E481489B07B /* libPods-kalat.a in Frameworks */ = {isa = PBXBuildFile; fileRef = 8FD66169B52DE28F3F3B28D3 /* libPods-kalat.a */; };
		C646E8619D2749D58482901A /* icon_continue.png in Resources */ = {isa = PBXBuildFile; fileRef = 12F6AA2DA39B4A0EAF25A044 /* icon_continue.png */; };
		C75E59D580414EA58384D9FD /* icon_add_home.png in Resources */ = {isa = PBXBuildFile; fileRef = 2C351DD8053142A591D29E73 /* icon_add_home.png */; };
		CB08E7E8DAB949B9B8F161E0 /* one.png in Resources */ = {isa = PBXBuildFile; fileRef = 2EF02D17EC344727BC45139B /* one.png */; };
		D406130E72784CF3A8F547D9 /* icon_mute_off.png in Resources */ = {isa = PBXBuildFile; fileRef = 3C0DF7494C8D4A3A9CFD0B8C /* icon_mute_off.png */; };
		E5B22940AC2B40AF8EB62C8B /* s.png in Resources */ = {isa = PBXBuildFile; fileRef = E1C377B54A704190BA26BC57 /* s.png */; };
		EA626706A0947EC417C63A09 /* PrivacyInfo.xcprivacy in Resources */ = {isa = PBXBuildFile; fileRef = 13B07FB81A68108700A75B9A /* PrivacyInfo.xcprivacy */; };
		ED528551DD2D4285A1851B6D /* n.png in Resources */ = {isa = PBXBuildFile; fileRef = 4B012CC0E7594C77B813B971 /* n.png */; };
		F30E267A31524CCBA1096FC0 /* g.png in Resources */ = {isa = PBXBuildFile; fileRef = A6B81440AB274B908071CCBD /* g.png */; };
		F70CCC1AD48A4150A1C5975C /* icon_difficulty_easy.png in Resources */ = {isa = PBXBuildFile; fileRef = 6D476FED025B4279A00C715F /* icon_difficulty_easy.png */; };
		FBD6729F9616405886C63825 /* icon_reset_on.png in Resources */ = {isa = PBXBuildFile; fileRef = FEB1D8756F5F443F9F03D22C /* icon_reset_on.png */; };
/* End PBXBuildFile section */

/* Begin PBXFileReference section */
		00E67D8F8E4F4BB189686877 /* icon_mute_on.png */ = {isa = PBXFileReference; explicitFileType = undefined; fileEncoding = undefined; includeInIndex = 0; lastKnownFileType = unknown; name = icon_mute_on.png; path = ../assets/images/icons/icon_mute_on.png; sourceTree = "<group>"; };
		12F6AA2DA39B4A0EAF25A044 /* icon_continue.png */ = {isa = PBXFileReference; explicitFileType = undefined; fileEncoding = undefined; includeInIndex = 0; lastKnownFileType = unknown; name = icon_continue.png; path = ../assets/images/icons/icon_continue.png; sourceTree = "<group>"; };
		13B07F961A680F5B00A75B9A /* kalat.app */ = {isa = PBXFileReference; explicitFileType = wrapper.application; includeInIndex = 0; path = kalat.app; sourceTree = BUILT_PRODUCTS_DIR; };
		13B07FB51A68108700A75B9A /* Images.xcassets */ = {isa = PBXFileReference; lastKnownFileType = folder.assetcatalog; name = Images.xcassets; path = kalat/Images.xcassets; sourceTree = "<group>"; };
		13B07FB61A68108700A75B9A /* Info.plist */ = {isa = PBXFileReference; fileEncoding = 4; lastKnownFileType = text.plist.xml; name = Info.plist; path = kalat/Info.plist; sourceTree = "<group>"; };
		13B07FB81A68108700A75B9A /* PrivacyInfo.xcprivacy */ = {isa = PBXFileReference; fileEncoding = 4; lastKnownFileType = text.plist.xml; name = PrivacyInfo.xcprivacy; path = kalat/PrivacyInfo.xcprivacy; sourceTree = "<group>"; };
		20F33064F5A746808C088EB9 /* a.png */ = {isa = PBXFileReference; explicitFileType = undefined; fileEncoding = undefined; includeInIndex = 0; lastKnownFileType = unknown; name = a.png; path = ../assets/images/icons/a.png; sourceTree = "<group>"; };
		225BB4A2233F47C4ACFA02CF /* dog.png */ = {isa = PBXFileReference; explicitFileType = undefined; fileEncoding = undefined; includeInIndex = 0; lastKnownFileType = unknown; name = dog.png; path = ../assets/images/dog.png; sourceTree = "<group>"; };
		24368CA1B7D146AFB924AD3B /* icon_hints_off.png */ = {isa = PBXFileReference; explicitFileType = undefined; fileEncoding = undefined; includeInIndex = 0; lastKnownFileType = unknown; name = icon_hints_off.png; path = ../assets/images/icons/icon_hints_off.png; sourceTree = "<group>"; };
		2C351DD8053142A591D29E73 /* icon_add_home.png */ = {isa = PBXFileReference; explicitFileType = undefined; fileEncoding = undefined; includeInIndex = 0; lastKnownFileType = unknown; name = icon_add_home.png; path = ../assets/images/icons/icon_add_home.png; sourceTree = "<group>"; };
		2EF02D17EC344727BC45139B /* one.png */ = {isa = PBXFileReference; explicitFileType = undefined; fileEncoding = undefined; includeInIndex = 0; lastKnownFileType = unknown; name = one.png; path = ../assets/images/ad/one.png; sourceTree = "<group>"; };
		3C0DF7494C8D4A3A9CFD0B8C /* icon_mute_off.png */ = {isa = PBXFileReference; explicitFileType = undefined; fileEncoding = undefined; includeInIndex = 0; lastKnownFileType = unknown; name = icon_mute_off.png; path = ../assets/images/icons/icon_mute_off.png; sourceTree = "<group>"; };
		41E1521F8D8E49669362782F /* icon_home.png */ = {isa = PBXFileReference; explicitFileType = undefined; fileEncoding = undefined; includeInIndex = 0; lastKnownFileType = unknown; name = icon_home.png; path = ../assets/images/icons/icon_home.png; sourceTree = "<group>"; };
		4B012CC0E7594C77B813B971 /* n.png */ = {isa = PBXFileReference; explicitFileType = undefined; fileEncoding = undefined; includeInIndex = 0; lastKnownFileType = unknown; name = n.png; path = ../assets/images/icons/n.png; sourceTree = "<group>"; };
		4B6A6AFD9F164A9898516686 /* icon_close.png */ = {isa = PBXFileReference; explicitFileType = undefined; fileEncoding = undefined; includeInIndex = 0; lastKnownFileType = unknown; name = icon_close.png; path = ../assets/images/icons/icon_close.png; sourceTree = "<group>"; };
		4BD3E6D291F9447BA3523025 /* favicon.png */ = {isa = PBXFileReference; explicitFileType = undefined; fileEncoding = undefined; includeInIndex = 0; lastKnownFileType = unknown; name = favicon.png; path = ../assets/images/icons/favicon.png; sourceTree = "<group>"; };
		4CDB692679C34F0DB203D78D /* icon_feedback.png */ = {isa = PBXFileReference; explicitFileType = undefined; fileEncoding = undefined; includeInIndex = 0; lastKnownFileType = unknown; name = icon_feedback.png; path = ../assets/images/icons/icon_feedback.png; sourceTree = "<group>"; };
		5B946E901D5342CABDF8A662 /* dave.png */ = {isa = PBXFileReference; explicitFileType = undefined; fileEncoding = undefined; includeInIndex = 0; lastKnownFileType = unknown; name = dave.png; path = ../assets/images/dave.png; sourceTree = "<group>"; };
		5EFCB82516F34C518FE720CA /* j.png */ = {isa = PBXFileReference; explicitFileType = undefined; fileEncoding = undefined; includeInIndex = 0; lastKnownFileType = unknown; name = j.png; path = ../assets/images/icons/j.png; sourceTree = "<group>"; };
		6A38C096445443ACB082D089 /* c.png */ = {isa = PBXFileReference; explicitFileType = undefined; fileEncoding = undefined; includeInIndex = 0; lastKnownFileType = unknown; name = c.png; path = ../assets/images/icons/c.png; sourceTree = "<group>"; };
		6D476FED025B4279A00C715F /* icon_difficulty_easy.png */ = {isa = PBXFileReference; explicitFileType = undefined; fileEncoding = undefined; includeInIndex = 0; lastKnownFileType = unknown; name = icon_difficulty_easy.png; path = ../assets/images/icons/icon_difficulty_easy.png; sourceTree = "<group>"; };
		6D786A47661F4D53B0DBCAB1 /* ቃላት.svg */ = {isa = PBXFileReference; explicitFileType = undefined; fileEncoding = undefined; includeInIndex = 0; lastKnownFileType = unknown; name = "ቃላት.svg"; path = "../assets/images/icons/ቃላት.svg"; sourceTree = "<group>"; };
		71056D90964548DEA6851C65 /* icon_friends.png */ = {isa = PBXFileReference; explicitFileType = undefined; fileEncoding = undefined; includeInIndex = 0; lastKnownFileType = unknown; name = icon_friends.png; path = ../assets/images/icons/icon_friends.png; sourceTree = "<group>"; };
		761780EC2CA45674006654EE /* AppDelegate.swift */ = {isa = PBXFileReference; lastKnownFileType = sourcecode.swift; name = AppDelegate.swift; path = kalat/AppDelegate.swift; sourceTree = "<group>"; };
		79DCBBFB79F041149D339FCE /* check.png */ = {isa = PBXFileReference; explicitFileType = undefined; fileEncoding = undefined; includeInIndex = 0; lastKnownFileType = unknown; name = check.png; path = ../assets/images/icons/check.png; sourceTree = "<group>"; };
		7A01AF01D8A7442793414091 /* icon_theme_system.png */ = {isa = PBXFileReference; explicitFileType = undefined; fileEncoding = undefined; includeInIndex = 0; lastKnownFileType = unknown; name = icon_theme_system.png; path = ../assets/images/icons/icon_theme_system.png; sourceTree = "<group>"; };
		81AB9BB72411601600AC10FF /* LaunchScreen.storyboard */ = {isa = PBXFileReference; fileEncoding = 4; lastKnownFileType = file.storyboard; name = LaunchScreen.storyboard; path = kalat/LaunchScreen.storyboard; sourceTree = "<group>"; };
		83102FB92220475BAAF0901E /* icon_theme_dark.png */ = {isa = PBXFileReference; explicitFileType = undefined; fileEncoding = undefined; includeInIndex = 0; lastKnownFileType = unknown; name = icon_theme_dark.png; path = ../assets/images/icons/icon_theme_dark.png; sourceTree = "<group>"; };
		870A9E8EC0F246AE827DDA5D /* icon_difficulty_hard.png */ = {isa = PBXFileReference; explicitFileType = undefined; fileEncoding = undefined; includeInIndex = 0; lastKnownFileType = unknown; name = icon_difficulty_hard.png; path = ../assets/images/icons/icon_difficulty_hard.png; sourceTree = "<group>"; };
		8FD66169B52DE28F3F3B28D3 /* libPods-kalat.a */ = {isa = PBXFileReference; explicitFileType = archive.ar; includeInIndex = 0; path = "libPods-kalat.a"; sourceTree = BUILT_PRODUCTS_DIR; };
		993D940878AE4A3A9E7C21A1 /* default_avatar.png */ = {isa = PBXFileReference; explicitFileType = undefined; fileEncoding = undefined; includeInIndex = 0; lastKnownFileType = unknown; name = default_avatar.png; path = ../assets/images/icons/default_avatar.png; sourceTree = "<group>"; };
		9B285DD3654948E6B1BF7EF6 /* icon_hint.png */ = {isa = PBXFileReference; explicitFileType = undefined; fileEncoding = undefined; includeInIndex = 0; lastKnownFileType = unknown; name = icon_hint.png; path = ../assets/images/icons/icon_hint.png; sourceTree = "<group>"; };
		9ED36E01B7194B10A96CEE6B /* icon_streak.png */ = {isa = PBXFileReference; explicitFileType = undefined; fileEncoding = undefined; includeInIndex = 0; lastKnownFileType = unknown; name = icon_streak.png; path = ../assets/images/icons/icon_streak.png; sourceTree = "<group>"; };
		A308175FE239481DA63CD4B4 /* icon_rules.png */ = {isa = PBXFileReference; explicitFileType = undefined; fileEncoding = undefined; includeInIndex = 0; lastKnownFileType = unknown; name = icon_rules.png; path = ../assets/images/icons/icon_rules.png; sourceTree = "<group>"; };
		A6B81440AB274B908071CCBD /* g.png */ = {isa = PBXFileReference; explicitFileType = undefined; fileEncoding = undefined; includeInIndex = 0; lastKnownFileType = unknown; name = g.png; path = ../assets/images/icons/g.png; sourceTree = "<group>"; };
		A95333E979AC4F7CBE37D342 /* icon_fullscreen_enter.png */ = {isa = PBXFileReference; explicitFileType = undefined; fileEncoding = undefined; includeInIndex = 0; lastKnownFileType = unknown; name = icon_fullscreen_enter.png; path = ../assets/images/icons/icon_fullscreen_enter.png; sourceTree = "<group>"; };
		AACC6AC8B1C042CDA5664068 /* icon_hints_on.png */ = {isa = PBXFileReference; explicitFileType = undefined; fileEncoding = undefined; includeInIndex = 0; lastKnownFileType = unknown; name = icon_hints_on.png; path = ../assets/images/icons/icon_hints_on.png; sourceTree = "<group>"; };
		B0EF2C39C8554E6EB0751B0E /* icon_share.png */ = {isa = PBXFileReference; explicitFileType = undefined; fileEncoding = undefined; includeInIndex = 0; lastKnownFileType = unknown; name = icon_share.png; path = ../assets/images/icons/icon_share.png; sourceTree = "<group>"; };
		B8F0B6FDA26D4E4C8676B505 /* icon_theme_light.png */ = {isa = PBXFileReference; explicitFileType = undefined; fileEncoding = undefined; includeInIndex = 0; lastKnownFileType = unknown; name = icon_theme_light.png; path = ../assets/images/icons/icon_theme_light.png; sourceTree = "<group>"; };
		BDAE4744B9C9437392AC5692 /* icon_feedback_wip.png */ = {isa = PBXFileReference; explicitFileType = undefined; fileEncoding = undefined; includeInIndex = 0; lastKnownFileType = unknown; name = icon_feedback_wip.png; path = ../assets/images/icons/icon_feedback_wip.png; sourceTree = "<group>"; };
		BF0523E871634FE8BDD295BB /* invite.png */ = {isa = PBXFileReference; explicitFileType = undefined; fileEncoding = undefined; includeInIndex = 0; lastKnownFileType = unknown; name = invite.png; path = ../assets/images/icons/invite.png; sourceTree = "<group>"; };
		C2EDC6A1163248D8B60B4D41 /* icon_settings.png */ = {isa = PBXFileReference; explicitFileType = undefined; fileEncoding = undefined; includeInIndex = 0; lastKnownFileType = unknown; name = icon_settings.png; path = ../assets/images/icons/icon_settings.png; sourceTree = "<group>"; };
		D0B812A5668945A0AEDB85F9 /* icon_about.png */ = {isa = PBXFileReference; explicitFileType = undefined; fileEncoding = undefined; includeInIndex = 0; lastKnownFileType = unknown; name = icon_about.png; path = ../assets/images/icons/icon_about.png; sourceTree = "<group>"; };
		DB6ECD2BD950467E8232BED1 /* icon_start.png */ = {isa = PBXFileReference; explicitFileType = undefined; fileEncoding = undefined; includeInIndex = 0; lastKnownFileType = unknown; name = icon_start.png; path = ../assets/images/icons/icon_start.png; sourceTree = "<group>"; };
		E1C377B54A704190BA26BC57 /* s.png */ = {isa = PBXFileReference; explicitFileType = undefined; fileEncoding = undefined; includeInIndex = 0; lastKnownFileType = unknown; name = s.png; path = ../assets/images/icons/s.png; sourceTree = "<group>"; };
		E960C43F9F9249918CAE8E84 /* icon_reset.png */ = {isa = PBXFileReference; explicitFileType = undefined; fileEncoding = undefined; includeInIndex = 0; lastKnownFileType = unknown; name = icon_reset.png; path = ../assets/images/icons/icon_reset.png; sourceTree = "<group>"; };
		ED297162215061F000B7C4FE /* JavaScriptCore.framework */ = {isa = PBXFileReference; lastKnownFileType = wrapper.framework; name = JavaScriptCore.framework; path = System/Library/Frameworks/JavaScriptCore.framework; sourceTree = SDKROOT; };
		F065C128EA094DCB8D201BAA /* adey.png */ = {isa = PBXFileReference; explicitFileType = undefined; fileEncoding = undefined; includeInIndex = 0; lastKnownFileType = unknown; name = adey.png; path = ../assets/images/adey.png; sourceTree = "<group>"; };
		F075CED019D743A6BB721960 /* icon_leaderboard.png */ = {isa = PBXFileReference; explicitFileType = undefined; fileEncoding = undefined; includeInIndex = 0; lastKnownFileType = unknown; name = icon_leaderboard.png; path = ../assets/images/icons/icon_leaderboard.png; sourceTree = "<group>"; };
		F0A447FC2EC63DDF3D6A5C2D /* Pods-kalat.release.xcconfig */ = {isa = PBXFileReference; includeInIndex = 1; lastKnownFileType = text.xcconfig; name = "Pods-kalat.release.xcconfig"; path = "Target Support Files/Pods-kalat/Pods-kalat.release.xcconfig"; sourceTree = "<group>"; };
		F717EDE2D4C4412D93942846 /* icon_fullscreen_exit.png */ = {isa = PBXFileReference; explicitFileType = undefined; fileEncoding = undefined; includeInIndex = 0; lastKnownFileType = unknown; name = icon_fullscreen_exit.png; path = ../assets/images/icons/icon_fullscreen_exit.png; sourceTree = "<group>"; };
		FB02FC5E160BC386DA7330E5 /* Pods-kalat.debug.xcconfig */ = {isa = PBXFileReference; includeInIndex = 1; lastKnownFileType = text.xcconfig; name = "Pods-kalat.debug.xcconfig"; path = "Target Support Files/Pods-kalat/Pods-kalat.debug.xcconfig"; sourceTree = "<group>"; };
		FEB1D8756F5F443F9F03D22C /* icon_reset_on.png */ = {isa = PBXFileReference; explicitFileType = undefined; fileEncoding = undefined; includeInIndex = 0; lastKnownFileType = unknown; name = icon_reset_on.png; path = ../assets/images/icons/icon_reset_on.png; sourceTree = "<group>"; };
/* End PBXFileReference section */

/* Begin PBXFrameworksBuildPhase section */
		13B07F8C1A680F5B00A75B9A /* Frameworks */ = {
			isa = PBXFrameworksBuildPhase;
			buildActionMask = 2147483647;
			files = (
				C30CD8DEC8109E481489B07B /* libPods-kalat.a in Frameworks */,
			);
			runOnlyForDeploymentPostprocessing = 0;
		};
/* End PBXFrameworksBuildPhase section */

/* Begin PBXGroup section */
		13B07FAE1A68108700A75B9A /* kalat */ = {
			isa = PBXGroup;
			children = (
				13B07FB51A68108700A75B9A /* Images.xcassets */,
				761780EC2CA45674006654EE /* AppDelegate.swift */,
				13B07FB61A68108700A75B9A /* Info.plist */,
				81AB9BB72411601600AC10FF /* LaunchScreen.storyboard */,
				13B07FB81A68108700A75B9A /* PrivacyInfo.xcprivacy */,
			);
			name = kalat;
			sourceTree = "<group>";
		};
		294BF65CDEF64199A79E2DAF /* Resources */ = {
			isa = PBXGroup;
			children = (
				2EF02D17EC344727BC45139B /* one.png */,
				F065C128EA094DCB8D201BAA /* adey.png */,
				5B946E901D5342CABDF8A662 /* dave.png */,
				225BB4A2233F47C4ACFA02CF /* dog.png */,
				20F33064F5A746808C088EB9 /* a.png */,
				6A38C096445443ACB082D089 /* c.png */,
				79DCBBFB79F041149D339FCE /* check.png */,
				993D940878AE4A3A9E7C21A1 /* default_avatar.png */,
				4BD3E6D291F9447BA3523025 /* favicon.png */,
				A6B81440AB274B908071CCBD /* g.png */,
				D0B812A5668945A0AEDB85F9 /* icon_about.png */,
				2C351DD8053142A591D29E73 /* icon_add_home.png */,
				4B6A6AFD9F164A9898516686 /* icon_close.png */,
				12F6AA2DA39B4A0EAF25A044 /* icon_continue.png */,
				6D476FED025B4279A00C715F /* icon_difficulty_easy.png */,
				870A9E8EC0F246AE827DDA5D /* icon_difficulty_hard.png */,
				4CDB692679C34F0DB203D78D /* icon_feedback.png */,
				BDAE4744B9C9437392AC5692 /* icon_feedback_wip.png */,
				71056D90964548DEA6851C65 /* icon_friends.png */,
				A95333E979AC4F7CBE37D342 /* icon_fullscreen_enter.png */,
				F717EDE2D4C4412D93942846 /* icon_fullscreen_exit.png */,
				9B285DD3654948E6B1BF7EF6 /* icon_hint.png */,
				24368CA1B7D146AFB924AD3B /* icon_hints_off.png */,
				AACC6AC8B1C042CDA5664068 /* icon_hints_on.png */,
				41E1521F8D8E49669362782F /* icon_home.png */,
				F075CED019D743A6BB721960 /* icon_leaderboard.png */,
				3C0DF7494C8D4A3A9CFD0B8C /* icon_mute_off.png */,
				00E67D8F8E4F4BB189686877 /* icon_mute_on.png */,
				E960C43F9F9249918CAE8E84 /* icon_reset.png */,
				FEB1D8756F5F443F9F03D22C /* icon_reset_on.png */,
				A308175FE239481DA63CD4B4 /* icon_rules.png */,
				C2EDC6A1163248D8B60B4D41 /* icon_settings.png */,
				B0EF2C39C8554E6EB0751B0E /* icon_share.png */,
				DB6ECD2BD950467E8232BED1 /* icon_start.png */,
				9ED36E01B7194B10A96CEE6B /* icon_streak.png */,
				83102FB92220475BAAF0901E /* icon_theme_dark.png */,
				B8F0B6FDA26D4E4C8676B505 /* icon_theme_light.png */,
				7A01AF01D8A7442793414091 /* icon_theme_system.png */,
				BF0523E871634FE8BDD295BB /* invite.png */,
				5EFCB82516F34C518FE720CA /* j.png */,
				4B012CC0E7594C77B813B971 /* n.png */,
				E1C377B54A704190BA26BC57 /* s.png */,
				6D786A47661F4D53B0DBCAB1 /* ቃላት.svg */,
			);
			name = Resources;
			path = "";
			sourceTree = "<group>";
		};
		2D16E6871FA4F8E400B85C8A /* Frameworks */ = {
			isa = PBXGroup;
			children = (
				ED297162215061F000B7C4FE /* JavaScriptCore.framework */,
				8FD66169B52DE28F3F3B28D3 /* libPods-kalat.a */,
			);
			name = Frameworks;
			sourceTree = "<group>";
		};
		832341AE1AAA6A7D00B99B32 /* Libraries */ = {
			isa = PBXGroup;
			children = (
			);
			name = Libraries;
			sourceTree = "<group>";
		};
		83CBB9F61A601CBA00E9B192 = {
			isa = PBXGroup;
			children = (
				13B07FAE1A68108700A75B9A /* kalat */,
				832341AE1AAA6A7D00B99B32 /* Libraries */,
				83CBBA001A601CBA00E9B192 /* Products */,
				2D16E6871FA4F8E400B85C8A /* Frameworks */,
				BBD78D7AC51CEA395F1C20DB /* Pods */,
				294BF65CDEF64199A79E2DAF /* Resources */,
			);
			indentWidth = 2;
			sourceTree = "<group>";
			tabWidth = 2;
			usesTabs = 0;
		};
		83CBBA001A601CBA00E9B192 /* Products */ = {
			isa = PBXGroup;
			children = (
				13B07F961A680F5B00A75B9A /* kalat.app */,
			);
			name = Products;
			sourceTree = "<group>";
		};
		BBD78D7AC51CEA395F1C20DB /* Pods */ = {
			isa = PBXGroup;
			children = (
				FB02FC5E160BC386DA7330E5 /* Pods-kalat.debug.xcconfig */,
				F0A447FC2EC63DDF3D6A5C2D /* Pods-kalat.release.xcconfig */,
			);
			path = Pods;
			sourceTree = "<group>";
		};
/* End PBXGroup section */

/* Begin PBXNativeTarget section */
		13B07F861A680F5B00A75B9A /* kalat */ = {
			isa = PBXNativeTarget;
			buildConfigurationList = 13B07F931A680F5B00A75B9A /* Build configuration list for PBXNativeTarget "kalat" */;
			buildPhases = (
				413D4E1D338B50620359D1A7 /* [CP] Check Pods Manifest.lock */,
				13B07F871A680F5B00A75B9A /* Sources */,
				13B07F8C1A680F5B00A75B9A /* Frameworks */,
				13B07F8E1A680F5B00A75B9A /* Resources */,
				00DD1BFF1BD5951E006B06BC /* Bundle React Native code and images */,
				25C701829E3884071300D0CC /* [CP] Embed Pods Frameworks */,
				D959FCE239537CA0C281C06B /* [CP] Copy Pods Resources */,
			);
			buildRules = (
			);
			dependencies = (
			);
			name = kalat;
			productName = kalat;
			productReference = 13B07F961A680F5B00A75B9A /* kalat.app */;
			productType = "com.apple.product-type.application";
		};
/* End PBXNativeTarget section */

/* Begin PBXProject section */
		83CBB9F71A601CBA00E9B192 /* Project object */ = {
			isa = PBXProject;
			attributes = {
				LastUpgradeCheck = 1210;
				TargetAttributes = {
					13B07F861A680F5B00A75B9A = {
						LastSwiftMigration = 1120;
					};
				};
			};
			buildConfigurationList = 83CBB9FA1A601CBA00E9B192 /* Build configuration list for PBXProject "kalat" */;
			compatibilityVersion = "Xcode 12.0";
			developmentRegion = en;
			hasScannedForEncodings = 0;
			knownRegions = (
				en,
				Base,
			);
			mainGroup = 83CBB9F61A601CBA00E9B192;
			productRefGroup = 83CBBA001A601CBA00E9B192 /* Products */;
			projectDirPath = "";
			projectRoot = "";
			targets = (
				13B07F861A680F5B00A75B9A /* kalat */,
			);
		};
/* End PBXProject section */

/* Begin PBXResourcesBuildPhase section */
		13B07F8E1A680F5B00A75B9A /* Resources */ = {
			isa = PBXResourcesBuildPhase;
			buildActionMask = 2147483647;
			files = (
				81AB9BB82411601600AC10FF /* LaunchScreen.storyboard in Resources */,
				13B07FBF1A68108700A75B9A /* Images.xcassets in Resources */,
				EA626706A0947EC417C63A09 /* PrivacyInfo.xcprivacy in Resources */,
				CB08E7E8DAB949B9B8F161E0 /* one.png in Resources */,
				2556F1A021454FA1A4CC80D6 /* adey.png in Resources */,
				BFCE424F9DEE459CB3146F7C /* dave.png in Resources */,
				2776D0FD038B471EA8BCE447 /* dog.png in Resources */,
				07F92BBCA3EC48E68889F2EC /* a.png in Resources */,
				92C7F6BEADE546EC8FFF9077 /* c.png in Resources */,
				227B619312A049E2BC64D953 /* check.png in Resources */,
				02972CBF29534D3188B75596 /* default_avatar.png in Resources */,
				5E0F848C083B4B079DA1AFC5 /* favicon.png in Resources */,
				F30E267A31524CCBA1096FC0 /* g.png in Resources */,
				43989A4D63994A0AAD1897EB /* icon_about.png in Resources */,
				C75E59D580414EA58384D9FD /* icon_add_home.png in Resources */,
				900D95A957704F648B10FAB4 /* icon_close.png in Resources */,
				C646E8619D2749D58482901A /* icon_continue.png in Resources */,
				F70CCC1AD48A4150A1C5975C /* icon_difficulty_easy.png in Resources */,
				928BA1361C6343F69B14DB86 /* icon_difficulty_hard.png in Resources */,
				8AB878E5B0764CA8BF05E041 /* icon_feedback.png in Resources */,
				A378126728A34934B172070C /* icon_feedback_wip.png in Resources */,
				A9976920B4C14B07A01E141A /* icon_friends.png in Resources */,
				768CFE3C82D642A0AE17A5C9 /* icon_fullscreen_enter.png in Resources */,
				2945CB336D0E49F2AE0E0F3C /* icon_fullscreen_exit.png in Resources */,
				335A67BDAC4047128901B1EE /* icon_hint.png in Resources */,
				1E1303BFAFAE40E9B01C16B6 /* icon_hints_off.png in Resources */,
				0B08E71386904709AF0925FC /* icon_hints_on.png in Resources */,
				A8222AFE75EE410582065E72 /* icon_home.png in Resources */,
				663708AA90B8413C87931D36 /* icon_leaderboard.png in Resources */,
				D406130E72784CF3A8F547D9 /* icon_mute_off.png in Resources */,
				8CB6BE1B7A904636AD89B6BE /* icon_mute_on.png in Resources */,
				2A1B0CE16AC84377B255CE83 /* icon_reset.png in Resources */,
				FBD6729F9616405886C63825 /* icon_reset_on.png in Resources */,
				6A68FC44DB2648749D7400BC /* icon_rules.png in Resources */,
				7A99D4AF21894A599935338D /* icon_settings.png in Resources */,
				C17CC416B6F447069DEC97E0 /* icon_share.png in Resources */,
				4B889E52844446BDB0747E16 /* icon_start.png in Resources */,
				C1D5B2FDA76F4EA29C0B3095 /* icon_streak.png in Resources */,
				306F91B0706F4249BF084BE9 /* icon_theme_dark.png in Resources */,
				3661330EA0DE434899BA7010 /* icon_theme_light.png in Resources */,
				4C1B7679C50A4BC5A90833B5 /* icon_theme_system.png in Resources */,
				8E2F1F9AF8C8434AB2277502 /* invite.png in Resources */,
				8FBB26BC961648A3820E289F /* j.png in Resources */,
				ED528551DD2D4285A1851B6D /* n.png in Resources */,
				E5B22940AC2B40AF8EB62C8B /* s.png in Resources */,
				1ABED899E64040CD849F62AA /* ቃላት.svg in Resources */,
			);
			runOnlyForDeploymentPostprocessing = 0;
		};
/* End PBXResourcesBuildPhase section */

/* Begin PBXShellScriptBuildPhase section */
		00DD1BFF1BD5951E006B06BC /* Bundle React Native code and images */ = {
			isa = PBXShellScriptBuildPhase;
			buildActionMask = 2147483647;
			files = (
			);
			inputPaths = (
				"$(SRCROOT)/.xcode.env.local",
				"$(SRCROOT)/.xcode.env",
			);
			name = "Bundle React Native code and images";
			outputPaths = (
			);
			runOnlyForDeploymentPostprocessing = 0;
			shellPath = /bin/sh;
			shellScript = "set -e\n\nWITH_ENVIRONMENT=\"$REACT_NATIVE_PATH/scripts/xcode/with-environment.sh\"\nREACT_NATIVE_XCODE=\"$REACT_NATIVE_PATH/scripts/react-native-xcode.sh\"\n\n/bin/sh -c \"$WITH_ENVIRONMENT $REACT_NATIVE_XCODE\"\n";
		};
		25C701829E3884071300D0CC /* [CP] Embed Pods Frameworks */ = {
			isa = PBXShellScriptBuildPhase;
			buildActionMask = 2147483647;
			files = (
			);
			inputFileListPaths = (
				"${PODS_ROOT}/Target Support Files/Pods-kalat/Pods-kalat-frameworks-${CONFIGURATION}-input-files.xcfilelist",
			);
			name = "[CP] Embed Pods Frameworks";
			outputFileListPaths = (
				"${PODS_ROOT}/Target Support Files/Pods-kalat/Pods-kalat-frameworks-${CONFIGURATION}-output-files.xcfilelist",
			);
			runOnlyForDeploymentPostprocessing = 0;
			shellPath = /bin/sh;
			shellScript = "\"${PODS_ROOT}/Target Support Files/Pods-kalat/Pods-kalat-frameworks.sh\"\n";
			showEnvVarsInLog = 0;
		};
		413D4E1D338B50620359D1A7 /* [CP] Check Pods Manifest.lock */ = {
			isa = PBXShellScriptBuildPhase;
			buildActionMask = 2147483647;
			files = (
			);
			inputFileListPaths = (
			);
			inputPaths = (
				"${PODS_PODFILE_DIR_PATH}/Podfile.lock",
				"${PODS_ROOT}/Manifest.lock",
			);
			name = "[CP] Check Pods Manifest.lock";
			outputFileListPaths = (
			);
			outputPaths = (
				"$(DERIVED_FILE_DIR)/Pods-kalat-checkManifestLockResult.txt",
			);
			runOnlyForDeploymentPostprocessing = 0;
			shellPath = /bin/sh;
			shellScript = "diff \"${PODS_PODFILE_DIR_PATH}/Podfile.lock\" \"${PODS_ROOT}/Manifest.lock\" > /dev/null\nif [ $? != 0 ] ; then\n    # print error to STDERR\n    echo \"error: The sandbox is not in sync with the Podfile.lock. Run 'pod install' or update your CocoaPods installation.\" >&2\n    exit 1\nfi\n# This output is used by Xcode 'outputs' to avoid re-running this script phase.\necho \"SUCCESS\" > \"${SCRIPT_OUTPUT_FILE_0}\"\n";
			showEnvVarsInLog = 0;
		};
		D959FCE239537CA0C281C06B /* [CP] Copy Pods Resources */ = {
			isa = PBXShellScriptBuildPhase;
			buildActionMask = 2147483647;
			files = (
			);
			inputFileListPaths = (
				"${PODS_ROOT}/Target Support Files/Pods-kalat/Pods-kalat-resources-${CONFIGURATION}-input-files.xcfilelist",
			);
			name = "[CP] Copy Pods Resources";
			outputFileListPaths = (
				"${PODS_ROOT}/Target Support Files/Pods-kalat/Pods-kalat-resources-${CONFIGURATION}-output-files.xcfilelist",
			);
			runOnlyForDeploymentPostprocessing = 0;
			shellPath = /bin/sh;
			shellScript = "\"${PODS_ROOT}/Target Support Files/Pods-kalat/Pods-kalat-resources.sh\"\n";
			showEnvVarsInLog = 0;
		};
/* End PBXShellScriptBuildPhase section */

/* Begin PBXSourcesBuildPhase section */
		13B07F871A680F5B00A75B9A /* Sources */ = {
			isa = PBXSourcesBuildPhase;
			buildActionMask = 2147483647;
			files = (
				761780ED2CA45674006654EE /* AppDelegate.swift in Sources */,
			);
			runOnlyForDeploymentPostprocessing = 0;
		};
/* End PBXSourcesBuildPhase section */

/* Begin XCBuildConfiguration section */
		13B07F941A680F5B00A75B9A /* Debug */ = {
			isa = XCBuildConfiguration;
			baseConfigurationReference = FB02FC5E160BC386DA7330E5 /* Pods-kalat.debug.xcconfig */;
			buildSettings = {
				ASSETCATALOG_COMPILER_APPICON_NAME = AppIcon;
				CLANG_ENABLE_MODULES = YES;
				CURRENT_PROJECT_VERSION = 1;
				DEVELOPMENT_TEAM = L877GN477K;
				ENABLE_BITCODE = NO;
				INFOPLIST_FILE = kalat/Info.plist;
				IPHONEOS_DEPLOYMENT_TARGET = 15.1;
				LD_RUNPATH_SEARCH_PATHS = (
					"$(inherited)",
					"@executable_path/Frameworks",
				);
				MARKETING_VERSION = 1.0;
				OTHER_LDFLAGS = (
					"$(inherited)",
					"-ObjC",
					"-lc++",
				);
				PRODUCT_BUNDLE_IDENTIFIER = "org.reactjs.native.example.$(PRODUCT_NAME:rfc1034identifier)";
				PRODUCT_NAME = kalat;
				SWIFT_OPTIMIZATION_LEVEL = "-Onone";
				SWIFT_VERSION = 5.0;
				VERSIONING_SYSTEM = "apple-generic";
			};
			name = Debug;
		};
		13B07F951A680F5B00A75B9A /* Release */ = {
			isa = XCBuildConfiguration;
			baseConfigurationReference = F0A447FC2EC63DDF3D6A5C2D /* Pods-kalat.release.xcconfig */;
			buildSettings = {
				ASSETCATALOG_COMPILER_APPICON_NAME = AppIcon;
				CLANG_ENABLE_MODULES = YES;
				CURRENT_PROJECT_VERSION = 1;
				DEVELOPMENT_TEAM = L877GN477K;
				INFOPLIST_FILE = kalat/Info.plist;
				IPHONEOS_DEPLOYMENT_TARGET = 15.1;
				LD_RUNPATH_SEARCH_PATHS = (
					"$(inherited)",
					"@executable_path/Frameworks",
				);
				MARKETING_VERSION = 1.0;
				OTHER_LDFLAGS = (
					"$(inherited)",
					"-ObjC",
					"-lc++",
				);
				PRODUCT_BUNDLE_IDENTIFIER = "org.reactjs.native.example.$(PRODUCT_NAME:rfc1034identifier)";
				PRODUCT_NAME = kalat;
				SWIFT_VERSION = 5.0;
				VERSIONING_SYSTEM = "apple-generic";
			};
			name = Release;
		};
		83CBBA201A601CBA00E9B192 /* Debug */ = {
			isa = XCBuildConfiguration;
			buildSettings = {
				ALWAYS_SEARCH_USER_PATHS = NO;
				CLANG_ANALYZER_LOCALIZABILITY_NONLOCALIZED = YES;
				CLANG_CXX_LANGUAGE_STANDARD = "c++20";
				CLANG_CXX_LIBRARY = "libc++";
				CLANG_ENABLE_MODULES = YES;
				CLANG_ENABLE_OBJC_ARC = YES;
				CLANG_WARN_BLOCK_CAPTURE_AUTORELEASING = YES;
				CLANG_WARN_BOOL_CONVERSION = YES;
				CLANG_WARN_COMMA = YES;
				CLANG_WARN_CONSTANT_CONVERSION = YES;
				CLANG_WARN_DEPRECATED_OBJC_IMPLEMENTATIONS = YES;
				CLANG_WARN_DIRECT_OBJC_ISA_USAGE = YES_ERROR;
				CLANG_WARN_EMPTY_BODY = YES;
				CLANG_WARN_ENUM_CONVERSION = YES;
				CLANG_WARN_INFINITE_RECURSION = YES;
				CLANG_WARN_INT_CONVERSION = YES;
				CLANG_WARN_NON_LITERAL_NULL_CONVERSION = YES;
				CLANG_WARN_OBJC_IMPLICIT_RETAIN_SELF = YES;
				CLANG_WARN_OBJC_LITERAL_CONVERSION = YES;
				CLANG_WARN_OBJC_ROOT_CLASS = YES_ERROR;
				CLANG_WARN_QUOTED_INCLUDE_IN_FRAMEWORK_HEADER = YES;
				CLANG_WARN_RANGE_LOOP_ANALYSIS = YES;
				CLANG_WARN_STRICT_PROTOTYPES = YES;
				CLANG_WARN_SUSPICIOUS_MOVE = YES;
				CLANG_WARN_UNREACHABLE_CODE = YES;
				CLANG_WARN__DUPLICATE_METHOD_MATCH = YES;
				"CODE_SIGN_IDENTITY[sdk=iphoneos*]" = "iPhone Developer";
				COPY_PHASE_STRIP = NO;
				ENABLE_STRICT_OBJC_MSGSEND = YES;
				ENABLE_TESTABILITY = YES;
				"EXCLUDED_ARCHS[sdk=iphonesimulator*]" = "";
				GCC_C_LANGUAGE_STANDARD = gnu99;
				GCC_DYNAMIC_NO_PIC = NO;
				GCC_NO_COMMON_BLOCKS = YES;
				GCC_OPTIMIZATION_LEVEL = 0;
				GCC_PREPROCESSOR_DEFINITIONS = (
					"DEBUG=1",
					"$(inherited)",
				);
				GCC_SYMBOLS_PRIVATE_EXTERN = NO;
				GCC_WARN_64_TO_32_BIT_CONVERSION = YES;
				GCC_WARN_ABOUT_RETURN_TYPE = YES_ERROR;
				GCC_WARN_UNDECLARED_SELECTOR = YES;
				GCC_WARN_UNINITIALIZED_AUTOS = YES_AGGRESSIVE;
				GCC_WARN_UNUSED_FUNCTION = YES;
				GCC_WARN_UNUSED_VARIABLE = YES;
				IPHONEOS_DEPLOYMENT_TARGET = 15.1;
				LD_RUNPATH_SEARCH_PATHS = (
					/usr/lib/swift,
					"$(inherited)",
				);
				LIBRARY_SEARCH_PATHS = (
					"\"$(SDKROOT)/usr/lib/swift\"",
					"\"$(TOOLCHAIN_DIR)/usr/lib/swift/$(PLATFORM_NAME)\"",
					"\"$(inherited)\"",
				);
				MTL_ENABLE_DEBUG_INFO = YES;
				ONLY_ACTIVE_ARCH = YES;
				OTHER_CPLUSPLUSFLAGS = (
					"$(OTHER_CFLAGS)",
					"-DFOLLY_NO_CONFIG",
					"-DFOLLY_MOBILE=1",
					"-DFOLLY_USE_LIBCPP=1",
					"-DFOLLY_CFG_NO_COROUTINES=1",
					"-DFOLLY_HAVE_CLOCK_GETTIME=1",
				);
				OTHER_LDFLAGS = (
					"$(inherited)",
					" ",
				);
				REACT_NATIVE_PATH = "${PODS_ROOT}/../../node_modules/react-native";
				SDKROOT = iphoneos;
				SWIFT_ACTIVE_COMPILATION_CONDITIONS = "$(inherited) DEBUG";
				USE_HERMES = true;
			};
			name = Debug;
		};
		83CBBA211A601CBA00E9B192 /* Release */ = {
			isa = XCBuildConfiguration;
			buildSettings = {
				ALWAYS_SEARCH_USER_PATHS = NO;
				CLANG_ANALYZER_LOCALIZABILITY_NONLOCALIZED = YES;
				CLANG_CXX_LANGUAGE_STANDARD = "c++20";
				CLANG_CXX_LIBRARY = "libc++";
				CLANG_ENABLE_MODULES = YES;
				CLANG_ENABLE_OBJC_ARC = YES;
				CLANG_WARN_BLOCK_CAPTURE_AUTORELEASING = YES;
				CLANG_WARN_BOOL_CONVERSION = YES;
				CLANG_WARN_COMMA = YES;
				CLANG_WARN_CONSTANT_CONVERSION = YES;
				CLANG_WARN_DEPRECATED_OBJC_IMPLEMENTATIONS = YES;
				CLANG_WARN_DIRECT_OBJC_ISA_USAGE = YES_ERROR;
				CLANG_WARN_EMPTY_BODY = YES;
				CLANG_WARN_ENUM_CONVERSION = YES;
				CLANG_WARN_INFINITE_RECURSION = YES;
				CLANG_WARN_INT_CONVERSION = YES;
				CLANG_WARN_NON_LITERAL_NULL_CONVERSION = YES;
				CLANG_WARN_OBJC_IMPLICIT_RETAIN_SELF = YES;
				CLANG_WARN_OBJC_LITERAL_CONVERSION = YES;
				CLANG_WARN_OBJC_ROOT_CLASS = YES_ERROR;
				CLANG_WARN_QUOTED_INCLUDE_IN_FRAMEWORK_HEADER = YES;
				CLANG_WARN_RANGE_LOOP_ANALYSIS = YES;
				CLANG_WARN_STRICT_PROTOTYPES = YES;
				CLANG_WARN_SUSPICIOUS_MOVE = YES;
				CLANG_WARN_UNREACHABLE_CODE = YES;
				CLANG_WARN__DUPLICATE_METHOD_MATCH = YES;
				"CODE_SIGN_IDENTITY[sdk=iphoneos*]" = "iPhone Developer";
				COPY_PHASE_STRIP = YES;
				ENABLE_NS_ASSERTIONS = NO;
				ENABLE_STRICT_OBJC_MSGSEND = YES;
				"EXCLUDED_ARCHS[sdk=iphonesimulator*]" = "";
				GCC_C_LANGUAGE_STANDARD = gnu99;
				GCC_NO_COMMON_BLOCKS = YES;
				GCC_WARN_64_TO_32_BIT_CONVERSION = YES;
				GCC_WARN_ABOUT_RETURN_TYPE = YES_ERROR;
				GCC_WARN_UNDECLARED_SELECTOR = YES;
				GCC_WARN_UNINITIALIZED_AUTOS = YES_AGGRESSIVE;
				GCC_WARN_UNUSED_FUNCTION = YES;
				GCC_WARN_UNUSED_VARIABLE = YES;
				IPHONEOS_DEPLOYMENT_TARGET = 15.1;
				LD_RUNPATH_SEARCH_PATHS = (
					/usr/lib/swift,
					"$(inherited)",
				);
				LIBRARY_SEARCH_PATHS = (
					"\"$(SDKROOT)/usr/lib/swift\"",
					"\"$(TOOLCHAIN_DIR)/usr/lib/swift/$(PLATFORM_NAME)\"",
					"\"$(inherited)\"",
				);
				MTL_ENABLE_DEBUG_INFO = NO;
				OTHER_CPLUSPLUSFLAGS = (
					"$(OTHER_CFLAGS)",
					"-DFOLLY_NO_CONFIG",
					"-DFOLLY_MOBILE=1",
					"-DFOLLY_USE_LIBCPP=1",
					"-DFOLLY_CFG_NO_COROUTINES=1",
					"-DFOLLY_HAVE_CLOCK_GETTIME=1",
				);
				OTHER_LDFLAGS = (
					"$(inherited)",
					" ",
				);
				REACT_NATIVE_PATH = "${PODS_ROOT}/../../node_modules/react-native";
				SDKROOT = iphoneos;
				USE_HERMES = true;
				VALIDATE_PRODUCT = YES;
			};
			name = Release;
		};
/* End XCBuildConfiguration section */

/* Begin XCConfigurationList section */
		13B07F931A680F5B00A75B9A /* Build configuration list for PBXNativeTarget "kalat" */ = {
			isa = XCConfigurationList;
			buildConfigurations = (
				13B07F941A680F5B00A75B9A /* Debug */,
				13B07F951A680F5B00A75B9A /* Release */,
			);
			defaultConfigurationIsVisible = 0;
			defaultConfigurationName = Release;
		};
		83CBB9FA1A601CBA00E9B192 /* Build configuration list for PBXProject "kalat" */ = {
			isa = XCConfigurationList;
			buildConfigurations = (
				83CBBA201A601CBA00E9B192 /* Debug */,
				83CBBA211A601CBA00E9B192 /* Release */,
			);
			defaultConfigurationIsVisible = 0;
			defaultConfigurationName = Release;
		};
/* End XCConfigurationList section */
	};
	rootObject = 83CBB9F71A601CBA00E9B192 /* Project object */;
}
